
Microsoft Visual Studio Solution File, Format Version 12.00
# Visual Studio 15
Project("{FAE04EC0-301F-11D3-BF4B-00C04F79EFBC}") = "Unity.XR.Interaction.Toolkit.Samples.StarterAssets", "Unity.XR.Interaction.Toolkit.Samples.StarterAssets.csproj", "{B829493C-780A-A372-6969-09007AC95F9B}"
EndProject
Project("{FAE04EC0-301F-11D3-BF4B-00C04F79EFBC}") = "Assembly-CSharp", "Assembly-CSharp.csproj", "{0FFB686E-69F1-01A6-DFD1-11ED5649498D}"
EndProject
Project("{FAE04EC0-301F-11D3-BF4B-00C04F79EFBC}") = "Unity.XR.Interaction.Toolkit.Samples.StarterAssets.Editor", "Unity.XR.Interaction.Toolkit.Samples.StarterAssets.Editor.csproj", "{ED9ED4CE-592A-A425-D220-728B0707E02A}"
EndProject
Global
	GlobalSection(SolutionConfigurationPlatforms) = preSolution
		Debug|Any CPU = Debug|Any CPU
		Release|Any CPU = Release|Any CPU
	EndGlobalSection
	GlobalSection(ProjectConfigurationPlatforms) = postSolution
		{B829493C-780A-A372-6969-09007AC95F9B}.Debug|Any CPU.ActiveCfg = Debug|Any CPU
		{B829493C-780A-A372-6969-09007AC95F9B}.Debug|Any CPU.Build.0 = Debug|Any CPU
		{B829493C-780A-A372-6969-09007AC95F9B}.Release|Any CPU.ActiveCfg = Release|Any CPU
		{B829493C-780A-A372-6969-09007AC95F9B}.Release|Any CPU.Build.0 = Release|Any CPU
		{0FFB686E-69F1-01A6-DFD1-11ED5649498D}.Debug|Any CPU.ActiveCfg = Debug|Any CPU
		{0FFB686E-69F1-01A6-DFD1-11ED5649498D}.Debug|Any CPU.Build.0 = Debug|Any CPU
		{0FFB686E-69F1-01A6-DFD1-11ED5649498D}.Release|Any CPU.ActiveCfg = Release|Any CPU
		{0FFB686E-69F1-01A6-DFD1-11ED5649498D}.Release|Any CPU.Build.0 = Release|Any CPU
		{ED9ED4CE-592A-A425-D220-728B0707E02A}.Debug|Any CPU.ActiveCfg = Debug|Any CPU
		{ED9ED4CE-592A-A425-D220-728B0707E02A}.Debug|Any CPU.Build.0 = Debug|Any CPU
		{ED9ED4CE-592A-A425-D220-728B0707E02A}.Release|Any CPU.ActiveCfg = Release|Any CPU
		{ED9ED4CE-592A-A425-D220-728B0707E02A}.Release|Any CPU.Build.0 = Release|Any CPU
	EndGlobalSection
	GlobalSection(SolutionProperties) = preSolution
		HideSolutionNode = FALSE
	EndGlobalSection
EndGlobal
